
Microsoft Visual Studio Solution File, Format Version 12.00
# Visual Studio Version 17
VisualStudioVersion = 17.4.33205.214
MinimumVisualStudioVersion = 10.0.40219.1
Project("{FAE04EC0-301F-11D3-BF4B-00C04F79EFBC}") = "UssMang", "UssMang.csproj", "{AEA1C80D-3427-4665-A2F2-EB3242EF38DC}"
EndProject
Global
	GlobalSection(SolutionConfigurationPlatforms) = preSolution
		Debug|Any CPU = Debug|Any CPU
		Release|Any CPU = Release|Any CPU
	EndGlobalSection
	GlobalSection(ProjectConfigurationPlatforms) = postSolution
		{AEA1C80D-3427-4665-A2F2-EB3242EF38DC}.Debug|Any CPU.ActiveCfg = Debug|Any CPU
		{AEA1C80D-3427-4665-A2F2-EB3242EF38DC}.Debug|Any CPU.Build.0 = Debug|Any CPU
		{AEA1C80D-3427-4665-A2F2-EB3242EF38DC}.Release|Any CPU.ActiveCfg = Release|Any CPU
		{AEA1C80D-3427-4665-A2F2-EB3242EF38DC}.Release|Any CPU.Build.0 = Release|Any CPU
	EndGlobalSection
	GlobalSection(SolutionProperties) = preSolution
		HideSolutionNode = FALSE
	EndGlobalSection
	GlobalSection(ExtensibilityGlobals) = postSolution
		SolutionGuid = {589864E8-6724-4F16-ADF5-55D1986CBAFF}
	EndGlobalSection
EndGlobal
